
Microsoft Visual Studio Solution File, Format Version 12.00
# Visual Studio 15
VisualStudioVersion = 15.0.28307.779
MinimumVisualStudioVersion = 10.0.40219.1
Project("{FAE04EC0-301F-11D3-BF4B-00C04F79EFBC}") = "calcmln", "calcmln\calcmln.csproj", "{BCA40258-BFD7-4497-A815-176E790B19CE}"
EndProject
Global
	GlobalSection(SolutionConfigurationPlatforms) = preSolution
		Debug|Any CPU = Debug|Any CPU
		Release|Any CPU = Release|Any CPU
	EndGlobalSection
	GlobalSection(ProjectConfigurationPlatforms) = postSolution
		{BCA40258-BFD7-4497-A815-176E790B19CE}.Debug|Any CPU.ActiveCfg = Debug|Any CPU
		{BCA40258-BFD7-4497-A815-176E790B19CE}.Debug|Any CPU.Build.0 = Debug|Any CPU
		{BCA40258-BFD7-4497-A815-176E790B19CE}.Release|Any CPU.ActiveCfg = Release|Any CPU
		{BCA40258-BFD7-4497-A815-176E790B19CE}.Release|Any CPU.Build.0 = Release|Any CPU
	EndGlobalSection
	GlobalSection(SolutionProperties) = preSolution
		HideSolutionNode = FALSE
	EndGlobalSection
	GlobalSection(ExtensibilityGlobals) = postSolution
		SolutionGuid = {19814EC7-3923-4BAA-85C8-2165EEF41892}
	EndGlobalSection
EndGlobal
